
Microsoft Visual Studio Solution File, Format Version 12.00
# Visual Studio 15
VisualStudioVersion = 15.0.28307.960
MinimumVisualStudioVersion = 10.0.40219.1
Project("{FAE04EC0-301F-11D3-BF4B-00C04F79EFBC}") = "MultiligaApp", "MultiligaApp\MultiligaApp.csproj", "{2860C43F-08CF-48B9-9514-A4FF91D3E7EC}"
EndProject
Global
	GlobalSection(SolutionConfigurationPlatforms) = preSolution
		Debug|Any CPU = Debug|Any CPU
		Release|Any CPU = Release|Any CPU
	EndGlobalSection
	GlobalSection(ProjectConfigurationPlatforms) = postSolution
		{2860C43F-08CF-48B9-9514-A4FF91D3E7EC}.Debug|Any CPU.ActiveCfg = Debug|Any CPU
		{2860C43F-08CF-48B9-9514-A4FF91D3E7EC}.Debug|Any CPU.Build.0 = Debug|Any CPU
		{2860C43F-08CF-48B9-9514-A4FF91D3E7EC}.Release|Any CPU.ActiveCfg = Release|Any CPU
		{2860C43F-08CF-48B9-9514-A4FF91D3E7EC}.Release|Any CPU.Build.0 = Release|Any CPU
	EndGlobalSection
	GlobalSection(SolutionProperties) = preSolution
		HideSolutionNode = FALSE
	EndGlobalSection
	GlobalSection(ExtensibilityGlobals) = postSolution
		SolutionGuid = {93115DC3-BF14-422A-91CC-F1892EAB8204}
	EndGlobalSection
EndGlobal
